
Microsoft Visual Studio Solution File, Format Version 12.00
# Visual Studio Version 17
VisualStudioVersion = 17.8.34330.188
MinimumVisualStudioVersion = 10.0.40219.1
Project("{2150E333-8FDC-42A3-9474-1A3956D46DE8}") = "Solution Items", "Solution Items", "{06F31B14-8024-4A31-9F48-833D431DB2FA}"
	ProjectSection(SolutionItems) = preProject
		TextFile1.txt = TextFile1.txt
	EndProjectSection
EndProject
Project("{9A19103F-16F7-4668-BE54-9A1E7A4F7556}") = "MauiToDo", "MauiToDo\MauiToDo.csproj", "{15354BC1-73F8-4387-B553-E99788E8890D}"
EndProject
Project("{FAE04EC0-301F-11D3-BF4B-00C04F79EFBC}") = "FIND_ME", "Z:\Tester\c#\NET_MAUI\FIND_ME\FIND_ME.csproj", "{B57BD985-812E-47AF-ACAC-EA3005CBC467}"
EndProject
Project("{FAE04EC0-301F-11D3-BF4B-00C04F79EFBC}") = "Project1", "Z:\Tester\c#\NET_MAUI\Project1\Project1.csproj", "{BB29FF2B-E276-4E57-90B2-48C01E565DC8}"
EndProject
Global
	GlobalSection(SolutionConfigurationPlatforms) = preSolution
		Debug|Any CPU = Debug|Any CPU
		Release|Any CPU = Release|Any CPU
	EndGlobalSection
	GlobalSection(ProjectConfigurationPlatforms) = postSolution
		{15354BC1-73F8-4387-B553-E99788E8890D}.Debug|Any CPU.ActiveCfg = Debug|Any CPU
		{15354BC1-73F8-4387-B553-E99788E8890D}.Debug|Any CPU.Build.0 = Debug|Any CPU
		{15354BC1-73F8-4387-B553-E99788E8890D}.Debug|Any CPU.Deploy.0 = Debug|Any CPU
		{15354BC1-73F8-4387-B553-E99788E8890D}.Release|Any CPU.ActiveCfg = Release|Any CPU
		{15354BC1-73F8-4387-B553-E99788E8890D}.Release|Any CPU.Build.0 = Release|Any CPU
		{15354BC1-73F8-4387-B553-E99788E8890D}.Release|Any CPU.Deploy.0 = Release|Any CPU
		{B57BD985-812E-47AF-ACAC-EA3005CBC467}.Debug|Any CPU.ActiveCfg = Debug|Any CPU
		{B57BD985-812E-47AF-ACAC-EA3005CBC467}.Debug|Any CPU.Build.0 = Debug|Any CPU
		{B57BD985-812E-47AF-ACAC-EA3005CBC467}.Debug|Any CPU.Deploy.0 = Debug|Any CPU
		{B57BD985-812E-47AF-ACAC-EA3005CBC467}.Release|Any CPU.ActiveCfg = Release|Any CPU
		{B57BD985-812E-47AF-ACAC-EA3005CBC467}.Release|Any CPU.Build.0 = Release|Any CPU
		{B57BD985-812E-47AF-ACAC-EA3005CBC467}.Release|Any CPU.Deploy.0 = Release|Any CPU
		{BB29FF2B-E276-4E57-90B2-48C01E565DC8}.Debug|Any CPU.ActiveCfg = Debug|Any CPU
		{BB29FF2B-E276-4E57-90B2-48C01E565DC8}.Debug|Any CPU.Build.0 = Debug|Any CPU
		{BB29FF2B-E276-4E57-90B2-48C01E565DC8}.Debug|Any CPU.Deploy.0 = Debug|Any CPU
		{BB29FF2B-E276-4E57-90B2-48C01E565DC8}.Release|Any CPU.ActiveCfg = Release|Any CPU
		{BB29FF2B-E276-4E57-90B2-48C01E565DC8}.Release|Any CPU.Build.0 = Release|Any CPU
		{BB29FF2B-E276-4E57-90B2-48C01E565DC8}.Release|Any CPU.Deploy.0 = Release|Any CPU
	EndGlobalSection
	GlobalSection(SolutionProperties) = preSolution
		HideSolutionNode = FALSE
	EndGlobalSection
	GlobalSection(ExtensibilityGlobals) = postSolution
		SolutionGuid = {FBFD4F6C-A04E-4576-A44B-7DE06B6F6F3C}
	EndGlobalSection
EndGlobal
